
Microsoft Visual Studio Solution File, Format Version 12.00
# Visual Studio 15
VisualStudioVersion = 15.0.28307.1231
MinimumVisualStudioVersion = 10.0.40219.1
Project("{FAE04EC0-301F-11D3-BF4B-00C04F79EFBC}") = "MyShop.Core", "MyShop.Core\MyShop.Core.csproj", "{7053F76F-F677-414C-8EDC-9C88DCBDB6B4}"
EndProject
Project("{FAE04EC0-301F-11D3-BF4B-00C04F79EFBC}") = "MyShop.Services", "MyShop.Services\MyShop.Services.csproj", "{0E67ABD0-739D-47B9-BDB0-FC7271DA9915}"
EndProject
Project("{FAE04EC0-301F-11D3-BF4B-00C04F79EFBC}") = "MyShop.DataAccess.SQL", "MyShop.DataAccess.SQL\MyShop.DataAccess.SQL.csproj", "{C6190699-197E-4173-AE81-259D2E3D936E}"
EndProject
Project("{FAE04EC0-301F-11D3-BF4B-00C04F79EFBC}") = "MyShop.DataAccess.InMemory", "MyShop.DataAccess.InMemory\MyShop.DataAccess.InMemory.csproj", "{E8C4B45A-FEF4-48FB-97DD-2E2DC9B88FD4}"
EndProject
Project("{FAE04EC0-301F-11D3-BF4B-00C04F79EFBC}") = "MyShop.WebUI", "MyShop.WebUI\MyShop.WebUI.csproj", "{F5FD7EAD-0411-4021-A47A-8380370D3CAC}"
EndProject
Project("{FAE04EC0-301F-11D3-BF4B-00C04F79EFBC}") = "MyShop.WebUI.Tests", "MyShop.WebUI.Tests\MyShop.WebUI.Tests.csproj", "{FB901E82-2CD2-45A0-94C8-8A77E4BBE3FA}"
EndProject
Global
	GlobalSection(SolutionConfigurationPlatforms) = preSolution
		Debug|Any CPU = Debug|Any CPU
		Release|Any CPU = Release|Any CPU
	EndGlobalSection
	GlobalSection(ProjectConfigurationPlatforms) = postSolution
		{7053F76F-F677-414C-8EDC-9C88DCBDB6B4}.Debug|Any CPU.ActiveCfg = Debug|Any CPU
		{7053F76F-F677-414C-8EDC-9C88DCBDB6B4}.Debug|Any CPU.Build.0 = Debug|Any CPU
		{7053F76F-F677-414C-8EDC-9C88DCBDB6B4}.Release|Any CPU.ActiveCfg = Release|Any CPU
		{7053F76F-F677-414C-8EDC-9C88DCBDB6B4}.Release|Any CPU.Build.0 = Release|Any CPU
		{0E67ABD0-739D-47B9-BDB0-FC7271DA9915}.Debug|Any CPU.ActiveCfg = Debug|Any CPU
		{0E67ABD0-739D-47B9-BDB0-FC7271DA9915}.Debug|Any CPU.Build.0 = Debug|Any CPU
		{0E67ABD0-739D-47B9-BDB0-FC7271DA9915}.Release|Any CPU.ActiveCfg = Release|Any CPU
		{0E67ABD0-739D-47B9-BDB0-FC7271DA9915}.Release|Any CPU.Build.0 = Release|Any CPU
		{C6190699-197E-4173-AE81-259D2E3D936E}.Debug|Any CPU.ActiveCfg = Debug|Any CPU
		{C6190699-197E-4173-AE81-259D2E3D936E}.Debug|Any CPU.Build.0 = Debug|Any CPU
		{C6190699-197E-4173-AE81-259D2E3D936E}.Release|Any CPU.ActiveCfg = Release|Any CPU
		{C6190699-197E-4173-AE81-259D2E3D936E}.Release|Any CPU.Build.0 = Release|Any CPU
		{E8C4B45A-FEF4-48FB-97DD-2E2DC9B88FD4}.Debug|Any CPU.ActiveCfg = Debug|Any CPU
		{E8C4B45A-FEF4-48FB-97DD-2E2DC9B88FD4}.Debug|Any CPU.Build.0 = Debug|Any CPU
		{E8C4B45A-FEF4-48FB-97DD-2E2DC9B88FD4}.Release|Any CPU.ActiveCfg = Release|Any CPU
		{E8C4B45A-FEF4-48FB-97DD-2E2DC9B88FD4}.Release|Any CPU.Build.0 = Release|Any CPU
		{F5FD7EAD-0411-4021-A47A-8380370D3CAC}.Debug|Any CPU.ActiveCfg = Debug|Any CPU
		{F5FD7EAD-0411-4021-A47A-8380370D3CAC}.Debug|Any CPU.Build.0 = Debug|Any CPU
		{F5FD7EAD-0411-4021-A47A-8380370D3CAC}.Release|Any CPU.ActiveCfg = Release|Any CPU
		{F5FD7EAD-0411-4021-A47A-8380370D3CAC}.Release|Any CPU.Build.0 = Release|Any CPU
		{FB901E82-2CD2-45A0-94C8-8A77E4BBE3FA}.Debug|Any CPU.ActiveCfg = Debug|Any CPU
		{FB901E82-2CD2-45A0-94C8-8A77E4BBE3FA}.Debug|Any CPU.Build.0 = Debug|Any CPU
		{FB901E82-2CD2-45A0-94C8-8A77E4BBE3FA}.Release|Any CPU.ActiveCfg = Release|Any CPU
		{FB901E82-2CD2-45A0-94C8-8A77E4BBE3FA}.Release|Any CPU.Build.0 = Release|Any CPU
	EndGlobalSection
	GlobalSection(SolutionProperties) = preSolution
		HideSolutionNode = FALSE
	EndGlobalSection
	GlobalSection(ExtensibilityGlobals) = postSolution
		SolutionGuid = {FEEA530A-9D13-4E72-84D1-F76020D15AA7}
	EndGlobalSection
EndGlobal
